
Microsoft Visual Studio Solution File, Format Version 12.00
# Visual Studio 15
VisualStudioVersion = 15.0.27703.2035
MinimumVisualStudioVersion = 10.0.40219.1
Project("{FAE04EC0-301F-11D3-BF4B-00C04F79EFBC}") = "JSON_Formatter.UI", "JSON_Formatter.UI\JSON_Formatter.UI.csproj", "{66B5A2BB-21C3-434A-944B-23D6AD74D3DD}"
	ProjectSection(ProjectDependencies) = postProject
		{C607BEE4-F9F6-4535-944F-5BC953F884E2} = {C607BEE4-F9F6-4535-944F-5BC953F884E2}
	EndProjectSection
EndProject
Project("{FAE04EC0-301F-11D3-BF4B-00C04F79EFBC}") = "JSON_Formatter.Library", "JSON_Formatter.Library\JSON_Formatter.Library.csproj", "{C607BEE4-F9F6-4535-944F-5BC953F884E2}"
EndProject
Project("{FAE04EC0-301F-11D3-BF4B-00C04F79EFBC}") = "JSON_Formatter.Test", "JSON_Formatter.Test\JSON_Formatter.Test.csproj", "{88EF5381-5A5B-4303-AABC-F0907A3F4283}"
	ProjectSection(ProjectDependencies) = postProject
		{C607BEE4-F9F6-4535-944F-5BC953F884E2} = {C607BEE4-F9F6-4535-944F-5BC953F884E2}
	EndProjectSection
EndProject
Global
	GlobalSection(SolutionConfigurationPlatforms) = preSolution
		Debug|Any CPU = Debug|Any CPU
		Release|Any CPU = Release|Any CPU
	EndGlobalSection
	GlobalSection(ProjectConfigurationPlatforms) = postSolution
		{66B5A2BB-21C3-434A-944B-23D6AD74D3DD}.Debug|Any CPU.ActiveCfg = Debug|Any CPU
		{66B5A2BB-21C3-434A-944B-23D6AD74D3DD}.Debug|Any CPU.Build.0 = Debug|Any CPU
		{66B5A2BB-21C3-434A-944B-23D6AD74D3DD}.Release|Any CPU.ActiveCfg = Release|Any CPU
		{66B5A2BB-21C3-434A-944B-23D6AD74D3DD}.Release|Any CPU.Build.0 = Release|Any CPU
		{C607BEE4-F9F6-4535-944F-5BC953F884E2}.Debug|Any CPU.ActiveCfg = Debug|Any CPU
		{C607BEE4-F9F6-4535-944F-5BC953F884E2}.Debug|Any CPU.Build.0 = Debug|Any CPU
		{C607BEE4-F9F6-4535-944F-5BC953F884E2}.Release|Any CPU.ActiveCfg = Release|Any CPU
		{C607BEE4-F9F6-4535-944F-5BC953F884E2}.Release|Any CPU.Build.0 = Release|Any CPU
		{88EF5381-5A5B-4303-AABC-F0907A3F4283}.Debug|Any CPU.ActiveCfg = Debug|Any CPU
		{88EF5381-5A5B-4303-AABC-F0907A3F4283}.Debug|Any CPU.Build.0 = Debug|Any CPU
		{88EF5381-5A5B-4303-AABC-F0907A3F4283}.Release|Any CPU.ActiveCfg = Release|Any CPU
		{88EF5381-5A5B-4303-AABC-F0907A3F4283}.Release|Any CPU.Build.0 = Release|Any CPU
	EndGlobalSection
	GlobalSection(SolutionProperties) = preSolution
		HideSolutionNode = FALSE
	EndGlobalSection
	GlobalSection(ExtensibilityGlobals) = postSolution
		SolutionGuid = {223F3AC0-34F0-46C5-9E77-23244F703F92}
	EndGlobalSection
EndGlobal
